// !$*UTF8*$!
{
	archiveVersion = 1;
	classes = {
	};
	objectVersion = 56;
	objects = {

/* Begin PBXBuildFile section */
		DD16F602294BA81E00202476 /* VoiceOverArticles.swift in Sources */ = {isa = PBXBuildFile; fileRef = DD16F601294BA81E00202476 /* VoiceOverArticles.swift */; };
		DD3D4CFE29EB342300F78443 /* UserCred.xcdatamodeld in Sources */ = {isa = PBXBuildFile; fileRef = DD3D4CFC29EB342300F78443 /* UserCred.xcdatamodeld */; };
		DD8F59FD2947F29D0093DBAE /* NtosettaApp.swift in Sources */ = {isa = PBXBuildFile; fileRef = DD8F59FC2947F29D0093DBAE /* NtosettaApp.swift */; };
		DD8F59FF2947F29D0093DBAE /* ContentView.swift in Sources */ = {isa = PBXBuildFile; fileRef = DD8F59FE2947F29D0093DBAE /* ContentView.swift */; };
		DD8F5A012947F29E0093DBAE /* Assets.xcassets in Resources */ = {isa = PBXBuildFile; fileRef = DD8F5A002947F29E0093DBAE /* Assets.xcassets */; };
		DD8F5A042947F29E0093DBAE /* Preview Assets.xcassets in Resources */ = {isa = PBXBuildFile; fileRef = DD8F5A032947F29E0093DBAE /* Preview Assets.xcassets */; };
		DD8F5A0C2947F2F10093DBAE /* ApiCaller.swift in Sources */ = {isa = PBXBuildFile; fileRef = DD8F5A0B2947F2F10093DBAE /* ApiCaller.swift */; };
		DD8F5A0F2947F34C0093DBAE /* FirebaseAuth in Frameworks */ = {isa = PBXBuildFile; productRef = DD8F5A0E2947F34C0093DBAE /* FirebaseAuth */; };
		DD8F5A112947F34C0093DBAE /* FirebaseDatabase in Frameworks */ = {isa = PBXBuildFile; productRef = DD8F5A102947F34C0093DBAE /* FirebaseDatabase */; };
		DD8F5A132947F34C0093DBAE /* FirebaseDatabaseSwift in Frameworks */ = {isa = PBXBuildFile; productRef = DD8F5A122947F34C0093DBAE /* FirebaseDatabaseSwift */; };
		DD8F5A152947F34C0093DBAE /* FirebaseFirestore in Frameworks */ = {isa = PBXBuildFile; productRef = DD8F5A142947F34C0093DBAE /* FirebaseFirestore */; };
		DD8F5A172947F34C0093DBAE /* FirebaseFirestoreCombine-Community in Frameworks */ = {isa = PBXBuildFile; productRef = DD8F5A162947F34C0093DBAE /* FirebaseFirestoreCombine-Community */; };
		DD8F5A192947F34C0093DBAE /* FirebaseFirestoreSwift in Frameworks */ = {isa = PBXBuildFile; productRef = DD8F5A182947F34C0093DBAE /* FirebaseFirestoreSwift */; };
		DD8F5A1B2947F34C0093DBAE /* FirebaseStorage in Frameworks */ = {isa = PBXBuildFile; productRef = DD8F5A1A2947F34C0093DBAE /* FirebaseStorage */; };
		DD8F5A1D2947F34C0093DBAE /* FirebaseStorageCombine-Community in Frameworks */ = {isa = PBXBuildFile; productRef = DD8F5A1C2947F34C0093DBAE /* FirebaseStorageCombine-Community */; };
		DD8F5A1F2947F3850093DBAE /* MyArticles.swift in Sources */ = {isa = PBXBuildFile; fileRef = DD8F5A1E2947F3850093DBAE /* MyArticles.swift */; };
		DD8F5A232947F3D70093DBAE /* ColorsPallete.swift in Sources */ = {isa = PBXBuildFile; fileRef = DD8F5A222947F3D70093DBAE /* ColorsPallete.swift */; };
		DD8F5A262947F41E0093DBAE /* GossipView.swift in Sources */ = {isa = PBXBuildFile; fileRef = DD8F5A252947F41E0093DBAE /* GossipView.swift */; };
		DD8F5A282947F4370093DBAE /* SportsView.swift in Sources */ = {isa = PBXBuildFile; fileRef = DD8F5A272947F4370093DBAE /* SportsView.swift */; };
		DD8F5A2A2947F4580093DBAE /* TechnologyView.swift in Sources */ = {isa = PBXBuildFile; fileRef = DD8F5A292947F4580093DBAE /* TechnologyView.swift */; };
		DD8F5A2C2947F47C0093DBAE /* MusicView.swift in Sources */ = {isa = PBXBuildFile; fileRef = DD8F5A2B2947F47C0093DBAE /* MusicView.swift */; };
		DD8F5A2F2947F4A60093DBAE /* CachedAsyncImage in Frameworks */ = {isa = PBXBuildFile; productRef = DD8F5A2E2947F4A60093DBAE /* CachedAsyncImage */; };
		DD8F5A322947F52E0093DBAE /* ProfileView.swift in Sources */ = {isa = PBXBuildFile; fileRef = DD8F5A312947F52E0093DBAE /* ProfileView.swift */; };
		DD8F5A342947F5500093DBAE /* HomeView.swift in Sources */ = {isa = PBXBuildFile; fileRef = DD8F5A332947F5500093DBAE /* HomeView.swift */; };
		DD8F5A362947F58C0093DBAE /* MyNewsArticle.swift in Sources */ = {isa = PBXBuildFile; fileRef = DD8F5A352947F58C0093DBAE /* MyNewsArticle.swift */; };
		DD8F5A382947F5C40093DBAE /* TabView.swift in Sources */ = {isa = PBXBuildFile; fileRef = DD8F5A372947F5C40093DBAE /* TabView.swift */; };
		DD8F5A3A2947F5D60093DBAE /* ImagePicker.swift in Sources */ = {isa = PBXBuildFile; fileRef = DD8F5A392947F5D60093DBAE /* ImagePicker.swift */; };
		DD8F5A3D2947F5FE0093DBAE /* ForgotPasswordService.swift in Sources */ = {isa = PBXBuildFile; fileRef = DD8F5A3C2947F5FE0093DBAE /* ForgotPasswordService.swift */; };
		DD8F5A3F2947F60C0093DBAE /* ForgotPasswordViewModel.swift in Sources */ = {isa = PBXBuildFile; fileRef = DD8F5A3E2947F60C0093DBAE /* ForgotPasswordViewModel.swift */; };
		DD8F5A412947F61D0093DBAE /* LoginCredentials.swift in Sources */ = {isa = PBXBuildFile; fileRef = DD8F5A402947F61D0093DBAE /* LoginCredentials.swift */; };
		DD8F5A432947F62D0093DBAE /* LoginService.swift in Sources */ = {isa = PBXBuildFile; fileRef = DD8F5A422947F62D0093DBAE /* LoginService.swift */; };
		DD8F5A452947F6450093DBAE /* LoginViewModel.swift in Sources */ = {isa = PBXBuildFile; fileRef = DD8F5A442947F6450093DBAE /* LoginViewModel.swift */; };
		DD8F5A472947F6580093DBAE /* RegistrationDetails.swift in Sources */ = {isa = PBXBuildFile; fileRef = DD8F5A462947F6580093DBAE /* RegistrationDetails.swift */; };
		DD8F5A492947F6690093DBAE /* RegistrationService.swift in Sources */ = {isa = PBXBuildFile; fileRef = DD8F5A482947F6690093DBAE /* RegistrationService.swift */; };
		DD8F5A4B2947F6920093DBAE /* RegistrationViewModel.swift in Sources */ = {isa = PBXBuildFile; fileRef = DD8F5A4A2947F6920093DBAE /* RegistrationViewModel.swift */; };
		DD8F5A4D2947F6A50093DBAE /* SessionService.swift in Sources */ = {isa = PBXBuildFile; fileRef = DD8F5A4C2947F6A50093DBAE /* SessionService.swift */; };
		DD8F5A4F2947F6B20093DBAE /* SessionUserDetails.swift in Sources */ = {isa = PBXBuildFile; fileRef = DD8F5A4E2947F6B20093DBAE /* SessionUserDetails.swift */; };
		DD8F5A512947F6EC0093DBAE /* CloseModifier.swift in Sources */ = {isa = PBXBuildFile; fileRef = DD8F5A502947F6EC0093DBAE /* CloseModifier.swift */; };
		DD8F5A532947F6F90093DBAE /* ForgotPassword.swift in Sources */ = {isa = PBXBuildFile; fileRef = DD8F5A522947F6F90093DBAE /* ForgotPassword.swift */; };
		DD8F5A552947F7110093DBAE /* SplashView.swift in Sources */ = {isa = PBXBuildFile; fileRef = DD8F5A542947F7110093DBAE /* SplashView.swift */; };
		DD8F5A572947F74A0093DBAE /* LoginView.swift in Sources */ = {isa = PBXBuildFile; fileRef = DD8F5A562947F74A0093DBAE /* LoginView.swift */; };
		DD8F5A592947F7530093DBAE /* RegisterView.swift in Sources */ = {isa = PBXBuildFile; fileRef = DD8F5A582947F7530093DBAE /* RegisterView.swift */; };
		DD8F5A5B2947F7BC0093DBAE /* GoogleService-Info.plist in Resources */ = {isa = PBXBuildFile; fileRef = DD8F5A5A2947F7BC0093DBAE /* GoogleService-Info.plist */; };
		DDE913FE298BD67E00940EA5 /* VoiceOverAll.swift in Sources */ = {isa = PBXBuildFile; fileRef = DDE913FD298BD67E00940EA5 /* VoiceOverAll.swift */; };
		DDE91400298BD81F00940EA5 /* VoiceContent.swift in Sources */ = {isa = PBXBuildFile; fileRef = DDE913FF298BD81F00940EA5 /* VoiceContent.swift */; };
		DDF08F1A2956620D001A67C7 /* ButtonLike.swift in Sources */ = {isa = PBXBuildFile; fileRef = DDF08F192956620D001A67C7 /* ButtonLike.swift */; };
/* End PBXBuildFile section */

/* Begin PBXCopyFilesBuildPhase section */
		DDFF70F929520748002A9978 /* Embed Foundation Extensions */ = {
			isa = PBXCopyFilesBuildPhase;
			buildActionMask = 2147483647;
			dstPath = "";
			dstSubfolderSpec = 13;
			files = (
			);
			name = "Embed Foundation Extensions";
			runOnlyForDeploymentPostprocessing = 0;
		};
/* End PBXCopyFilesBuildPhase section */

/* Begin PBXFileReference section */
		DD16F601294BA81E00202476 /* VoiceOverArticles.swift */ = {isa = PBXFileReference; lastKnownFileType = sourcecode.swift; path = VoiceOverArticles.swift; sourceTree = "<group>"; };
		DD3D4CFD29EB342300F78443 /* UserCred.xcdatamodel */ = {isa = PBXFileReference; lastKnownFileType = wrapper.xcdatamodel; path = UserCred.xcdatamodel; sourceTree = "<group>"; };
		DD8F59F92947F29D0093DBAE /* Ntosetta.app */ = {isa = PBXFileReference; explicitFileType = wrapper.application; includeInIndex = 0; path = Ntosetta.app; sourceTree = BUILT_PRODUCTS_DIR; };
		DD8F59FC2947F29D0093DBAE /* NtosettaApp.swift */ = {isa = PBXFileReference; lastKnownFileType = sourcecode.swift; path = NtosettaApp.swift; sourceTree = "<group>"; };
		DD8F59FE2947F29D0093DBAE /* ContentView.swift */ = {isa = PBXFileReference; lastKnownFileType = sourcecode.swift; path = ContentView.swift; sourceTree = "<group>"; };
		DD8F5A002947F29E0093DBAE /* Assets.xcassets */ = {isa = PBXFileReference; lastKnownFileType = folder.assetcatalog; path = Assets.xcassets; sourceTree = "<group>"; };
		DD8F5A032947F29E0093DBAE /* Preview Assets.xcassets */ = {isa = PBXFileReference; lastKnownFileType = folder.assetcatalog; path = "Preview Assets.xcassets"; sourceTree = "<group>"; };
		DD8F5A0B2947F2F10093DBAE /* ApiCaller.swift */ = {isa = PBXFileReference; lastKnownFileType = sourcecode.swift; path = ApiCaller.swift; sourceTree = "<group>"; };
		DD8F5A1E2947F3850093DBAE /* MyArticles.swift */ = {isa = PBXFileReference; lastKnownFileType = sourcecode.swift; path = MyArticles.swift; sourceTree = "<group>"; };
		DD8F5A222947F3D70093DBAE /* ColorsPallete.swift */ = {isa = PBXFileReference; lastKnownFileType = sourcecode.swift; path = ColorsPallete.swift; sourceTree = "<group>"; };
		DD8F5A252947F41E0093DBAE /* GossipView.swift */ = {isa = PBXFileReference; lastKnownFileType = sourcecode.swift; path = GossipView.swift; sourceTree = "<group>"; };
		DD8F5A272947F4370093DBAE /* SportsView.swift */ = {isa = PBXFileReference; lastKnownFileType = sourcecode.swift; path = SportsView.swift; sourceTree = "<group>"; };
		DD8F5A292947F4580093DBAE /* TechnologyView.swift */ = {isa = PBXFileReference; lastKnownFileType = sourcecode.swift; path = TechnologyView.swift; sourceTree = "<group>"; };
		DD8F5A2B2947F47C0093DBAE /* MusicView.swift */ = {isa = PBXFileReference; lastKnownFileType = sourcecode.swift; path = MusicView.swift; sourceTree = "<group>"; };
		DD8F5A312947F52E0093DBAE /* ProfileView.swift */ = {isa = PBXFileReference; lastKnownFileType = sourcecode.swift; path = ProfileView.swift; sourceTree = "<group>"; };
		DD8F5A332947F5500093DBAE /* HomeView.swift */ = {isa = PBXFileReference; lastKnownFileType = sourcecode.swift; path = HomeView.swift; sourceTree = "<group>"; };
		DD8F5A352947F58C0093DBAE /* MyNewsArticle.swift */ = {isa = PBXFileReference; lastKnownFileType = sourcecode.swift; path = MyNewsArticle.swift; sourceTree = "<group>"; };
		DD8F5A372947F5C40093DBAE /* TabView.swift */ = {isa = PBXFileReference; lastKnownFileType = sourcecode.swift; path = TabView.swift; sourceTree = "<group>"; };
		DD8F5A392947F5D60093DBAE /* ImagePicker.swift */ = {isa = PBXFileReference; lastKnownFileType = sourcecode.swift; path = ImagePicker.swift; sourceTree = "<group>"; };
		DD8F5A3C2947F5FE0093DBAE /* ForgotPasswordService.swift */ = {isa = PBXFileReference; lastKnownFileType = sourcecode.swift; path = ForgotPasswordService.swift; sourceTree = "<group>"; };
		DD8F5A3E2947F60C0093DBAE /* ForgotPasswordViewModel.swift */ = {isa = PBXFileReference; lastKnownFileType = sourcecode.swift; path = ForgotPasswordViewModel.swift; sourceTree = "<group>"; };
		DD8F5A402947F61D0093DBAE /* LoginCredentials.swift */ = {isa = PBXFileReference; lastKnownFileType = sourcecode.swift; path = LoginCredentials.swift; sourceTree = "<group>"; };
		DD8F5A422947F62D0093DBAE /* LoginService.swift */ = {isa = PBXFileReference; lastKnownFileType = sourcecode.swift; path = LoginService.swift; sourceTree = "<group>"; };
		DD8F5A442947F6450093DBAE /* LoginViewModel.swift */ = {isa = PBXFileReference; lastKnownFileType = sourcecode.swift; path = LoginViewModel.swift; sourceTree = "<group>"; };
		DD8F5A462947F6580093DBAE /* RegistrationDetails.swift */ = {isa = PBXFileReference; lastKnownFileType = sourcecode.swift; path = RegistrationDetails.swift; sourceTree = "<group>"; };
		DD8F5A482947F6690093DBAE /* RegistrationService.swift */ = {isa = PBXFileReference; lastKnownFileType = sourcecode.swift; path = RegistrationService.swift; sourceTree = "<group>"; };
		DD8F5A4A2947F6920093DBAE /* RegistrationViewModel.swift */ = {isa = PBXFileReference; lastKnownFileType = sourcecode.swift; path = RegistrationViewModel.swift; sourceTree = "<group>"; };
		DD8F5A4C2947F6A50093DBAE /* SessionService.swift */ = {isa = PBXFileReference; lastKnownFileType = sourcecode.swift; path = SessionService.swift; sourceTree = "<group>"; };
		DD8F5A4E2947F6B20093DBAE /* SessionUserDetails.swift */ = {isa = PBXFileReference; lastKnownFileType = sourcecode.swift; path = SessionUserDetails.swift; sourceTree = "<group>"; };
		DD8F5A502947F6EC0093DBAE /* CloseModifier.swift */ = {isa = PBXFileReference; lastKnownFileType = sourcecode.swift; path = CloseModifier.swift; sourceTree = "<group>"; };
		DD8F5A522947F6F90093DBAE /* ForgotPassword.swift */ = {isa = PBXFileReference; lastKnownFileType = sourcecode.swift; path = ForgotPassword.swift; sourceTree = "<group>"; };
		DD8F5A542947F7110093DBAE /* SplashView.swift */ = {isa = PBXFileReference; lastKnownFileType = sourcecode.swift; path = SplashView.swift; sourceTree = "<group>"; };
		DD8F5A562947F74A0093DBAE /* LoginView.swift */ = {isa = PBXFileReference; lastKnownFileType = sourcecode.swift; path = LoginView.swift; sourceTree = "<group>"; };
		DD8F5A582947F7530093DBAE /* RegisterView.swift */ = {isa = PBXFileReference; lastKnownFileType = sourcecode.swift; path = RegisterView.swift; sourceTree = "<group>"; };
		DD8F5A5A2947F7BC0093DBAE /* GoogleService-Info.plist */ = {isa = PBXFileReference; fileEncoding = 4; lastKnownFileType = text.plist.xml; path = "GoogleService-Info.plist"; sourceTree = "<group>"; };
		DDE913FD298BD67E00940EA5 /* VoiceOverAll.swift */ = {isa = PBXFileReference; lastKnownFileType = sourcecode.swift; path = VoiceOverAll.swift; sourceTree = "<group>"; };
		DDE913FF298BD81F00940EA5 /* VoiceContent.swift */ = {isa = PBXFileReference; lastKnownFileType = sourcecode.swift; path = VoiceContent.swift; sourceTree = "<group>"; };
		DDF08F192956620D001A67C7 /* ButtonLike.swift */ = {isa = PBXFileReference; lastKnownFileType = sourcecode.swift; path = ButtonLike.swift; sourceTree = "<group>"; };
		DDFF70E129520461002A9978 /* Info.plist */ = {isa = PBXFileReference; lastKnownFileType = text.plist; path = Info.plist; sourceTree = "<group>"; };
		DDFF70E829520748002A9978 /* UserNotifications.framework */ = {isa = PBXFileReference; lastKnownFileType = wrapper.framework; name = UserNotifications.framework; path = System/Library/Frameworks/UserNotifications.framework; sourceTree = SDKROOT; };
		DDFF70EA29520748002A9978 /* UserNotificationsUI.framework */ = {isa = PBXFileReference; lastKnownFileType = wrapper.framework; name = UserNotificationsUI.framework; path = System/Library/Frameworks/UserNotificationsUI.framework; sourceTree = SDKROOT; };
		DDFF70ED29520748002A9978 /* NotificationViewController.swift */ = {isa = PBXFileReference; lastKnownFileType = sourcecode.swift; path = NotificationViewController.swift; sourceTree = "<group>"; };
		DDFF70F029520748002A9978 /* Base */ = {isa = PBXFileReference; lastKnownFileType = file.storyboard; name = Base; path = Base.lproj/MainInterface.storyboard; sourceTree = "<group>"; };
		DDFF70F229520748002A9978 /* Info.plist */ = {isa = PBXFileReference; lastKnownFileType = text.plist.xml; path = Info.plist; sourceTree = "<group>"; };
/* End PBXFileReference section */

/* Begin PBXFrameworksBuildPhase section */
		DD8F59F62947F29D0093DBAE /* Frameworks */ = {
			isa = PBXFrameworksBuildPhase;
			buildActionMask = 2147483647;
			files = (
				DD8F5A132947F34C0093DBAE /* FirebaseDatabaseSwift in Frameworks */,
				DD8F5A152947F34C0093DBAE /* FirebaseFirestore in Frameworks */,
				DD8F5A1D2947F34C0093DBAE /* FirebaseStorageCombine-Community in Frameworks */,
				DD8F5A2F2947F4A60093DBAE /* CachedAsyncImage in Frameworks */,
				DD8F5A112947F34C0093DBAE /* FirebaseDatabase in Frameworks */,
				DD8F5A172947F34C0093DBAE /* FirebaseFirestoreCombine-Community in Frameworks */,
				DD8F5A1B2947F34C0093DBAE /* FirebaseStorage in Frameworks */,
				DD8F5A0F2947F34C0093DBAE /* FirebaseAuth in Frameworks */,
				DD8F5A192947F34C0093DBAE /* FirebaseFirestoreSwift in Frameworks */,
			);
			runOnlyForDeploymentPostprocessing = 0;
		};
/* End PBXFrameworksBuildPhase section */

/* Begin PBXGroup section */
		DD8F59F02947F29D0093DBAE = {
			isa = PBXGroup;
			children = (
				DD8F59FB2947F29D0093DBAE /* Ntosetta */,
				DDFF70EC29520748002A9978 /* ntosseta */,
				DDFF70E729520748002A9978 /* Frameworks */,
				DD8F59FA2947F29D0093DBAE /* Products */,
			);
			sourceTree = "<group>";
		};
		DD8F59FA2947F29D0093DBAE /* Products */ = {
			isa = PBXGroup;
			children = (
				DD8F59F92947F29D0093DBAE /* Ntosetta.app */,
			);
			name = Products;
			sourceTree = "<group>";
		};
		DD8F59FB2947F29D0093DBAE /* Ntosetta */ = {
			isa = PBXGroup;
			children = (
				DDFF70E129520461002A9978 /* Info.plist */,
				DD8F5A5A2947F7BC0093DBAE /* GoogleService-Info.plist */,
				DD8F5A3B2947F5E80093DBAE /* Services */,
				DD8F5A302947F51C0093DBAE /* Views */,
				DD8F5A242947F3F30093DBAE /* Categories */,
				DD8F5A202947F3A40093DBAE /* Extras */,
				DD8F5A0A2947F2E30093DBAE /* ApiCaller */,
				DD8F59FC2947F29D0093DBAE /* NtosettaApp.swift */,
				DD8F59FE2947F29D0093DBAE /* ContentView.swift */,
				DD8F5A002947F29E0093DBAE /* Assets.xcassets */,
				DD8F5A022947F29E0093DBAE /* Preview Content */,
				DD3D4CFC29EB342300F78443 /* UserCred.xcdatamodeld */,
			);
			path = Ntosetta;
			sourceTree = "<group>";
		};
		DD8F5A022947F29E0093DBAE /* Preview Content */ = {
			isa = PBXGroup;
			children = (
				DD8F5A032947F29E0093DBAE /* Preview Assets.xcassets */,
			);
			path = "Preview Content";
			sourceTree = "<group>";
		};
		DD8F5A0A2947F2E30093DBAE /* ApiCaller */ = {
			isa = PBXGroup;
			children = (
				DD8F5A0B2947F2F10093DBAE /* ApiCaller.swift */,
				DD8F5A1E2947F3850093DBAE /* MyArticles.swift */,
				DDE913FD298BD67E00940EA5 /* VoiceOverAll.swift */,
				DDE913FF298BD81F00940EA5 /* VoiceContent.swift */,
			);
			path = ApiCaller;
			sourceTree = "<group>";
		};
		DD8F5A202947F3A40093DBAE /* Extras */ = {
			isa = PBXGroup;
			children = (
				DD8F5A212947F3AE0093DBAE /* Pallete */,
			);
			path = Extras;
			sourceTree = "<group>";
		};
		DD8F5A212947F3AE0093DBAE /* Pallete */ = {
			isa = PBXGroup;
			children = (
				DD8F5A222947F3D70093DBAE /* ColorsPallete.swift */,
			);
			path = Pallete;
			sourceTree = "<group>";
		};
		DD8F5A242947F3F30093DBAE /* Categories */ = {
			isa = PBXGroup;
			children = (
				DD8F5A252947F41E0093DBAE /* GossipView.swift */,
				DD8F5A272947F4370093DBAE /* SportsView.swift */,
				DD8F5A292947F4580093DBAE /* TechnologyView.swift */,
				DD8F5A2B2947F47C0093DBAE /* MusicView.swift */,
			);
			path = Categories;
			sourceTree = "<group>";
		};
		DD8F5A302947F51C0093DBAE /* Views */ = {
			isa = PBXGroup;
			children = (
				DD8F5A312947F52E0093DBAE /* ProfileView.swift */,
				DD8F5A332947F5500093DBAE /* HomeView.swift */,
				DD8F5A352947F58C0093DBAE /* MyNewsArticle.swift */,
				DD8F5A372947F5C40093DBAE /* TabView.swift */,
				DD8F5A392947F5D60093DBAE /* ImagePicker.swift */,
				DD8F5A502947F6EC0093DBAE /* CloseModifier.swift */,
				DD8F5A522947F6F90093DBAE /* ForgotPassword.swift */,
				DD8F5A542947F7110093DBAE /* SplashView.swift */,
				DD8F5A562947F74A0093DBAE /* LoginView.swift */,
				DD8F5A582947F7530093DBAE /* RegisterView.swift */,
				DD16F601294BA81E00202476 /* VoiceOverArticles.swift */,
				DDF08F192956620D001A67C7 /* ButtonLike.swift */,
			);
			path = Views;
			sourceTree = "<group>";
		};
		DD8F5A3B2947F5E80093DBAE /* Services */ = {
			isa = PBXGroup;
			children = (
				DD8F5A3C2947F5FE0093DBAE /* ForgotPasswordService.swift */,
				DD8F5A3E2947F60C0093DBAE /* ForgotPasswordViewModel.swift */,
				DD8F5A402947F61D0093DBAE /* LoginCredentials.swift */,
				DD8F5A422947F62D0093DBAE /* LoginService.swift */,
				DD8F5A442947F6450093DBAE /* LoginViewModel.swift */,
				DD8F5A462947F6580093DBAE /* RegistrationDetails.swift */,
				DD8F5A482947F6690093DBAE /* RegistrationService.swift */,
				DD8F5A4A2947F6920093DBAE /* RegistrationViewModel.swift */,
				DD8F5A4C2947F6A50093DBAE /* SessionService.swift */,
				DD8F5A4E2947F6B20093DBAE /* SessionUserDetails.swift */,
			);
			path = Services;
			sourceTree = "<group>";
		};
		DDFF70E729520748002A9978 /* Frameworks */ = {
			isa = PBXGroup;
			children = (
				DDFF70E829520748002A9978 /* UserNotifications.framework */,
				DDFF70EA29520748002A9978 /* UserNotificationsUI.framework */,
			);
			name = Frameworks;
			sourceTree = "<group>";
		};
		DDFF70EC29520748002A9978 /* ntosseta */ = {
			isa = PBXGroup;
			children = (
				DDFF70ED29520748002A9978 /* NotificationViewController.swift */,
				DDFF70EF29520748002A9978 /* MainInterface.storyboard */,
				DDFF70F229520748002A9978 /* Info.plist */,
			);
			path = ntosseta;
			sourceTree = "<group>";
		};
/* End PBXGroup section */

/* Begin PBXNativeTarget section */
		DD8F59F82947F29D0093DBAE /* Ntosetta */ = {
			isa = PBXNativeTarget;
			buildConfigurationList = DD8F5A072947F29E0093DBAE /* Build configuration list for PBXNativeTarget "Ntosetta" */;
			buildPhases = (
				DD8F59F52947F29D0093DBAE /* Sources */,
				DD8F59F62947F29D0093DBAE /* Frameworks */,
				DD8F59F72947F29D0093DBAE /* Resources */,
				DDFF70F929520748002A9978 /* Embed Foundation Extensions */,
			);
			buildRules = (
			);
			dependencies = (
			);
			name = Ntosetta;
			packageProductDependencies = (
				DD8F5A0E2947F34C0093DBAE /* FirebaseAuth */,
				DD8F5A102947F34C0093DBAE /* FirebaseDatabase */,
				DD8F5A122947F34C0093DBAE /* FirebaseDatabaseSwift */,
				DD8F5A142947F34C0093DBAE /* FirebaseFirestore */,
				DD8F5A162947F34C0093DBAE /* FirebaseFirestoreCombine-Community */,
				DD8F5A182947F34C0093DBAE /* FirebaseFirestoreSwift */,
				DD8F5A1A2947F34C0093DBAE /* FirebaseStorage */,
				DD8F5A1C2947F34C0093DBAE /* FirebaseStorageCombine-Community */,
				DD8F5A2E2947F4A60093DBAE /* CachedAsyncImage */,
			);
			productName = Ntosetta;
			productReference = DD8F59F92947F29D0093DBAE /* Ntosetta.app */;
			productType = "com.apple.product-type.application";
		};
/* End PBXNativeTarget section */

/* Begin PBXProject section */
		DD8F59F12947F29D0093DBAE /* Project object */ = {
			isa = PBXProject;
			attributes = {
				BuildIndependentTargetsInParallel = 1;
				LastSwiftUpdateCheck = 1420;
				LastUpgradeCheck = 1410;
				TargetAttributes = {
					DD8F59F82947F29D0093DBAE = {
						CreatedOnToolsVersion = 14.1;
					};
				};
			};
			buildConfigurationList = DD8F59F42947F29D0093DBAE /* Build configuration list for PBXProject "Ntosetta" */;
			compatibilityVersion = "Xcode 14.0";
			developmentRegion = en;
			hasScannedForEncodings = 0;
			knownRegions = (
				en,
				Base,
			);
			mainGroup = DD8F59F02947F29D0093DBAE;
			packageReferences = (
				DD8F5A0D2947F34C0093DBAE /* XCRemoteSwiftPackageReference "firebase-ios-sdk" */,
				DD8F5A2D2947F4A60093DBAE /* XCRemoteSwiftPackageReference "swiftui-cached-async-image" */,
			);
			productRefGroup = DD8F59FA2947F29D0093DBAE /* Products */;
			projectDirPath = "";
			projectRoot = "";
			targets = (
				DD8F59F82947F29D0093DBAE /* Ntosetta */,
			);
		};
/* End PBXProject section */

/* Begin PBXResourcesBuildPhase section */
		DD8F59F72947F29D0093DBAE /* Resources */ = {
			isa = PBXResourcesBuildPhase;
			buildActionMask = 2147483647;
			files = (
				DD8F5A042947F29E0093DBAE /* Preview Assets.xcassets in Resources */,
				DD8F5A012947F29E0093DBAE /* Assets.xcassets in Resources */,
				DD8F5A5B2947F7BC0093DBAE /* GoogleService-Info.plist in Resources */,
			);
			runOnlyForDeploymentPostprocessing = 0;
		};
/* End PBXResourcesBuildPhase section */

/* Begin PBXSourcesBuildPhase section */
		DD8F59F52947F29D0093DBAE /* Sources */ = {
			isa = PBXSourcesBuildPhase;
			buildActionMask = 2147483647;
			files = (
				DD8F5A412947F61D0093DBAE /* LoginCredentials.swift in Sources */,
				DD8F5A4B2947F6920093DBAE /* RegistrationViewModel.swift in Sources */,
				DD8F5A472947F6580093DBAE /* RegistrationDetails.swift in Sources */,
				DD8F5A4D2947F6A50093DBAE /* SessionService.swift in Sources */,
				DD8F5A3D2947F5FE0093DBAE /* ForgotPasswordService.swift in Sources */,
				DD8F5A1F2947F3850093DBAE /* MyArticles.swift in Sources */,
				DD8F5A282947F4370093DBAE /* SportsView.swift in Sources */,
				DD8F5A382947F5C40093DBAE /* TabView.swift in Sources */,
				DD8F5A592947F7530093DBAE /* RegisterView.swift in Sources */,
				DD8F5A552947F7110093DBAE /* SplashView.swift in Sources */,
				DD8F5A3A2947F5D60093DBAE /* ImagePicker.swift in Sources */,
				DD8F5A322947F52E0093DBAE /* ProfileView.swift in Sources */,
				DD8F5A262947F41E0093DBAE /* GossipView.swift in Sources */,
				DD8F59FF2947F29D0093DBAE /* ContentView.swift in Sources */,
				DD8F5A3F2947F60C0093DBAE /* ForgotPasswordViewModel.swift in Sources */,
				DDF08F1A2956620D001A67C7 /* ButtonLike.swift in Sources */,
				DD8F5A362947F58C0093DBAE /* MyNewsArticle.swift in Sources */,
				DD8F5A342947F5500093DBAE /* HomeView.swift in Sources */,
				DD8F5A492947F6690093DBAE /* RegistrationService.swift in Sources */,
				DD8F5A2C2947F47C0093DBAE /* MusicView.swift in Sources */,
				DD8F5A432947F62D0093DBAE /* LoginService.swift in Sources */,
				DD8F5A0C2947F2F10093DBAE /* ApiCaller.swift in Sources */,
				DD8F59FD2947F29D0093DBAE /* NtosettaApp.swift in Sources */,
				DD8F5A512947F6EC0093DBAE /* CloseModifier.swift in Sources */,
				DDE913FE298BD67E00940EA5 /* VoiceOverAll.swift in Sources */,
				DD8F5A572947F74A0093DBAE /* LoginView.swift in Sources */,
				DD3D4CFE29EB342300F78443 /* UserCred.xcdatamodeld in Sources */,
				DD8F5A4F2947F6B20093DBAE /* SessionUserDetails.swift in Sources */,
				DD16F602294BA81E00202476 /* VoiceOverArticles.swift in Sources */,
				DDE91400298BD81F00940EA5 /* VoiceContent.swift in Sources */,
				DD8F5A2A2947F4580093DBAE /* TechnologyView.swift in Sources */,
				DD8F5A532947F6F90093DBAE /* ForgotPassword.swift in Sources */,
				DD8F5A452947F6450093DBAE /* LoginViewModel.swift in Sources */,
				DD8F5A232947F3D70093DBAE /* ColorsPallete.swift in Sources */,
			);
			runOnlyForDeploymentPostprocessing = 0;
		};
/* End PBXSourcesBuildPhase section */

/* Begin PBXVariantGroup section */
		DDFF70EF29520748002A9978 /* MainInterface.storyboard */ = {
			isa = PBXVariantGroup;
			children = (
				DDFF70F029520748002A9978 /* Base */,
			);
			name = MainInterface.storyboard;
			sourceTree = "<group>";
		};
/* End PBXVariantGroup section */

/* Begin XCBuildConfiguration section */
		DD8F5A052947F29E0093DBAE /* Debug */ = {
			isa = XCBuildConfiguration;
			buildSettings = {
				ALWAYS_SEARCH_USER_PATHS = NO;
				CLANG_ANALYZER_NONNULL = YES;
				CLANG_ANALYZER_NUMBER_OBJECT_CONVERSION = YES_AGGRESSIVE;
				CLANG_CXX_LANGUAGE_STANDARD = "gnu++20";
				CLANG_ENABLE_MODULES = YES;
				CLANG_ENABLE_OBJC_ARC = YES;
				CLANG_ENABLE_OBJC_WEAK = YES;
				CLANG_WARN_BLOCK_CAPTURE_AUTORELEASING = YES;
				CLANG_WARN_BOOL_CONVERSION = YES;
				CLANG_WARN_COMMA = YES;
				CLANG_WARN_CONSTANT_CONVERSION = YES;
				CLANG_WARN_DEPRECATED_OBJC_IMPLEMENTATIONS = YES;
				CLANG_WARN_DIRECT_OBJC_ISA_USAGE = YES_ERROR;
				CLANG_WARN_DOCUMENTATION_COMMENTS = YES;
				CLANG_WARN_EMPTY_BODY = YES;
				CLANG_WARN_ENUM_CONVERSION = YES;
				CLANG_WARN_INFINITE_RECURSION = YES;
				CLANG_WARN_INT_CONVERSION = YES;
				CLANG_WARN_NON_LITERAL_NULL_CONVERSION = YES;
				CLANG_WARN_OBJC_IMPLICIT_RETAIN_SELF = YES;
				CLANG_WARN_OBJC_LITERAL_CONVERSION = YES;
				CLANG_WARN_OBJC_ROOT_CLASS = YES_ERROR;
				CLANG_WARN_QUOTED_INCLUDE_IN_FRAMEWORK_HEADER = YES;
				CLANG_WARN_RANGE_LOOP_ANALYSIS = YES;
				CLANG_WARN_STRICT_PROTOTYPES = YES;
				CLANG_WARN_SUSPICIOUS_MOVE = YES;
				CLANG_WARN_UNGUARDED_AVAILABILITY = YES_AGGRESSIVE;
				CLANG_WARN_UNREACHABLE_CODE = YES;
				CLANG_WARN__DUPLICATE_METHOD_MATCH = YES;
				COPY_PHASE_STRIP = NO;
				DEBUG_INFORMATION_FORMAT = dwarf;
				ENABLE_STRICT_OBJC_MSGSEND = YES;
				ENABLE_TESTABILITY = YES;
				GCC_C_LANGUAGE_STANDARD = gnu11;
				GCC_DYNAMIC_NO_PIC = NO;
				GCC_NO_COMMON_BLOCKS = YES;
				GCC_OPTIMIZATION_LEVEL = 0;
				GCC_PREPROCESSOR_DEFINITIONS = (
					"DEBUG=1",
					"$(inherited)",
				);
				GCC_WARN_64_TO_32_BIT_CONVERSION = YES;
				GCC_WARN_ABOUT_RETURN_TYPE = YES_ERROR;
				GCC_WARN_UNDECLARED_SELECTOR = YES;
				GCC_WARN_UNINITIALIZED_AUTOS = YES_AGGRESSIVE;
				GCC_WARN_UNUSED_FUNCTION = YES;
				GCC_WARN_UNUSED_VARIABLE = YES;
				IPHONEOS_DEPLOYMENT_TARGET = 16.1;
				MTL_ENABLE_DEBUG_INFO = INCLUDE_SOURCE;
				MTL_FAST_MATH = YES;
				ONLY_ACTIVE_ARCH = YES;
				SDKROOT = iphoneos;
				SWIFT_ACTIVE_COMPILATION_CONDITIONS = DEBUG;
				SWIFT_OPTIMIZATION_LEVEL = "-Onone";
			};
			name = Debug;
		};
		DD8F5A062947F29E0093DBAE /* Release */ = {
			isa = XCBuildConfiguration;
			buildSettings = {
				ALWAYS_SEARCH_USER_PATHS = NO;
				CLANG_ANALYZER_NONNULL = YES;
				CLANG_ANALYZER_NUMBER_OBJECT_CONVERSION = YES_AGGRESSIVE;
				CLANG_CXX_LANGUAGE_STANDARD = "gnu++20";
				CLANG_ENABLE_MODULES = YES;
				CLANG_ENABLE_OBJC_ARC = YES;
				CLANG_ENABLE_OBJC_WEAK = YES;
				CLANG_WARN_BLOCK_CAPTURE_AUTORELEASING = YES;
				CLANG_WARN_BOOL_CONVERSION = YES;
				CLANG_WARN_COMMA = YES;
				CLANG_WARN_CONSTANT_CONVERSION = YES;
				CLANG_WARN_DEPRECATED_OBJC_IMPLEMENTATIONS = YES;
				CLANG_WARN_DIRECT_OBJC_ISA_USAGE = YES_ERROR;
				CLANG_WARN_DOCUMENTATION_COMMENTS = YES;
				CLANG_WARN_EMPTY_BODY = YES;
				CLANG_WARN_ENUM_CONVERSION = YES;
				CLANG_WARN_INFINITE_RECURSION = YES;
				CLANG_WARN_INT_CONVERSION = YES;
				CLANG_WARN_NON_LITERAL_NULL_CONVERSION = YES;
				CLANG_WARN_OBJC_IMPLICIT_RETAIN_SELF = YES;
				CLANG_WARN_OBJC_LITERAL_CONVERSION = YES;
				CLANG_WARN_OBJC_ROOT_CLASS = YES_ERROR;
				CLANG_WARN_QUOTED_INCLUDE_IN_FRAMEWORK_HEADER = YES;
				CLANG_WARN_RANGE_LOOP_ANALYSIS = YES;
				CLANG_WARN_STRICT_PROTOTYPES = YES;
				CLANG_WARN_SUSPICIOUS_MOVE = YES;
				CLANG_WARN_UNGUARDED_AVAILABILITY = YES_AGGRESSIVE;
				CLANG_WARN_UNREACHABLE_CODE = YES;
				CLANG_WARN__DUPLICATE_METHOD_MATCH = YES;
				COPY_PHASE_STRIP = NO;
				DEBUG_INFORMATION_FORMAT = "dwarf-with-dsym";
				ENABLE_NS_ASSERTIONS = NO;
				ENABLE_STRICT_OBJC_MSGSEND = YES;
				GCC_C_LANGUAGE_STANDARD = gnu11;
				GCC_NO_COMMON_BLOCKS = YES;
				GCC_WARN_64_TO_32_BIT_CONVERSION = YES;
				GCC_WARN_ABOUT_RETURN_TYPE = YES_ERROR;
				GCC_WARN_UNDECLARED_SELECTOR = YES;
				GCC_WARN_UNINITIALIZED_AUTOS = YES_AGGRESSIVE;
				GCC_WARN_UNUSED_FUNCTION = YES;
				GCC_WARN_UNUSED_VARIABLE = YES;
				IPHONEOS_DEPLOYMENT_TARGET = 16.1;
				MTL_ENABLE_DEBUG_INFO = NO;
				MTL_FAST_MATH = YES;
				SDKROOT = iphoneos;
				SWIFT_COMPILATION_MODE = wholemodule;
				SWIFT_OPTIMIZATION_LEVEL = "-O";
				VALIDATE_PRODUCT = YES;
			};
			name = Release;
		};
		DD8F5A082947F29E0093DBAE /* Debug */ = {
			isa = XCBuildConfiguration;
			buildSettings = {
				ALWAYS_EMBED_SWIFT_STANDARD_LIBRARIES = YES;
				ASSETCATALOG_COMPILER_APPICON_NAME = AppIcon;
				ASSETCATALOG_COMPILER_GLOBAL_ACCENT_COLOR_NAME = AccentColor;
				CODE_SIGN_STYLE = Automatic;
				CURRENT_PROJECT_VERSION = 1;
				DEVELOPMENT_ASSET_PATHS = "\"Ntosetta/Preview Content\"";
				DEVELOPMENT_TEAM = P877L6KY5H;
				ENABLE_PREVIEWS = YES;
				GENERATE_INFOPLIST_FILE = YES;
				INFOPLIST_FILE = Ntosetta/Info.plist;
				INFOPLIST_KEY_NSFaceIDUsageDescription = "We need to unlock your data";
				INFOPLIST_KEY_UIApplicationSceneManifest_Generation = YES;
				INFOPLIST_KEY_UIApplicationSupportsIndirectInputEvents = YES;
				INFOPLIST_KEY_UILaunchScreen_Generation = YES;
				INFOPLIST_KEY_UISupportedInterfaceOrientations_iPad = "UIInterfaceOrientationPortrait UIInterfaceOrientationPortraitUpsideDown UIInterfaceOrientationLandscapeLeft UIInterfaceOrientationLandscapeRight";
				INFOPLIST_KEY_UISupportedInterfaceOrientations_iPhone = "UIInterfaceOrientationPortrait UIInterfaceOrientationLandscapeLeft UIInterfaceOrientationLandscapeRight";
				LD_RUNPATH_SEARCH_PATHS = (
					"$(inherited)",
					"@executable_path/Frameworks",
				);
				MARKETING_VERSION = 1.0;
				PRODUCT_BUNDLE_IDENTIFIER = Thomas.Pantos.Ntosetta;
				PRODUCT_NAME = "$(TARGET_NAME)";
				SUPPORTED_PLATFORMS = "iphoneos iphonesimulator macosx";
				SUPPORTS_MACCATALYST = NO;
				SUPPORTS_MAC_DESIGNED_FOR_IPHONE_IPAD = NO;
				SWIFT_EMIT_LOC_STRINGS = YES;
				SWIFT_VERSION = 5.0;
				TARGETED_DEVICE_FAMILY = "1,2";
			};
			name = Debug;
		};
		DD8F5A092947F29E0093DBAE /* Release */ = {
			isa = XCBuildConfiguration;
			buildSettings = {
				ALWAYS_EMBED_SWIFT_STANDARD_LIBRARIES = YES;
				ASSETCATALOG_COMPILER_APPICON_NAME = AppIcon;
				ASSETCATALOG_COMPILER_GLOBAL_ACCENT_COLOR_NAME = AccentColor;
				CODE_SIGN_STYLE = Automatic;
				CURRENT_PROJECT_VERSION = 1;
				DEVELOPMENT_ASSET_PATHS = "\"Ntosetta/Preview Content\"";
				DEVELOPMENT_TEAM = P877L6KY5H;
				ENABLE_PREVIEWS = YES;
				GENERATE_INFOPLIST_FILE = YES;
				INFOPLIST_FILE = Ntosetta/Info.plist;
				INFOPLIST_KEY_NSFaceIDUsageDescription = "We need to unlock your data";
				INFOPLIST_KEY_UIApplicationSceneManifest_Generation = YES;
				INFOPLIST_KEY_UIApplicationSupportsIndirectInputEvents = YES;
				INFOPLIST_KEY_UILaunchScreen_Generation = YES;
				INFOPLIST_KEY_UISupportedInterfaceOrientations_iPad = "UIInterfaceOrientationPortrait UIInterfaceOrientationPortraitUpsideDown UIInterfaceOrientationLandscapeLeft UIInterfaceOrientationLandscapeRight";
				INFOPLIST_KEY_UISupportedInterfaceOrientations_iPhone = "UIInterfaceOrientationPortrait UIInterfaceOrientationLandscapeLeft UIInterfaceOrientationLandscapeRight";
				LD_RUNPATH_SEARCH_PATHS = (
					"$(inherited)",
					"@executable_path/Frameworks",
				);
				MARKETING_VERSION = 1.0;
				PRODUCT_BUNDLE_IDENTIFIER = Thomas.Pantos.Ntosetta;
				PRODUCT_NAME = "$(TARGET_NAME)";
				SUPPORTED_PLATFORMS = "iphoneos iphonesimulator macosx";
				SUPPORTS_MACCATALYST = NO;
				SUPPORTS_MAC_DESIGNED_FOR_IPHONE_IPAD = NO;
				SWIFT_EMIT_LOC_STRINGS = YES;
				SWIFT_VERSION = 5.0;
				TARGETED_DEVICE_FAMILY = "1,2";
			};
			name = Release;
		};
/* End XCBuildConfiguration section */

/* Begin XCConfigurationList section */
		DD8F59F42947F29D0093DBAE /* Build configuration list for PBXProject "Ntosetta" */ = {
			isa = XCConfigurationList;
			buildConfigurations = (
				DD8F5A052947F29E0093DBAE /* Debug */,
				DD8F5A062947F29E0093DBAE /* Release */,
			);
			defaultConfigurationIsVisible = 0;
			defaultConfigurationName = Release;
		};
		DD8F5A072947F29E0093DBAE /* Build configuration list for PBXNativeTarget "Ntosetta" */ = {
			isa = XCConfigurationList;
			buildConfigurations = (
				DD8F5A082947F29E0093DBAE /* Debug */,
				DD8F5A092947F29E0093DBAE /* Release */,
			);
			defaultConfigurationIsVisible = 0;
			defaultConfigurationName = Release;
		};
/* End XCConfigurationList section */

/* Begin XCRemoteSwiftPackageReference section */
		DD8F5A0D2947F34C0093DBAE /* XCRemoteSwiftPackageReference "firebase-ios-sdk" */ = {
			isa = XCRemoteSwiftPackageReference;
			repositoryURL = "https://github.com/firebase/firebase-ios-sdk";
			requirement = {
				branch = master;
				kind = branch;
			};
		};
		DD8F5A2D2947F4A60093DBAE /* XCRemoteSwiftPackageReference "swiftui-cached-async-image" */ = {
			isa = XCRemoteSwiftPackageReference;
			repositoryURL = "https://github.com/lorenzofiamingo/swiftui-cached-async-image.git";
			requirement = {
				branch = main;
				kind = branch;
			};
		};
/* End XCRemoteSwiftPackageReference section */

/* Begin XCSwiftPackageProductDependency section */
		DD8F5A0E2947F34C0093DBAE /* FirebaseAuth */ = {
			isa = XCSwiftPackageProductDependency;
			package = DD8F5A0D2947F34C0093DBAE /* XCRemoteSwiftPackageReference "firebase-ios-sdk" */;
			productName = FirebaseAuth;
		};
		DD8F5A102947F34C0093DBAE /* FirebaseDatabase */ = {
			isa = XCSwiftPackageProductDependency;
			package = DD8F5A0D2947F34C0093DBAE /* XCRemoteSwiftPackageReference "firebase-ios-sdk" */;
			productName = FirebaseDatabase;
		};
		DD8F5A122947F34C0093DBAE /* FirebaseDatabaseSwift */ = {
			isa = XCSwiftPackageProductDependency;
			package = DD8F5A0D2947F34C0093DBAE /* XCRemoteSwiftPackageReference "firebase-ios-sdk" */;
			productName = FirebaseDatabaseSwift;
		};
		DD8F5A142947F34C0093DBAE /* FirebaseFirestore */ = {
			isa = XCSwiftPackageProductDependency;
			package = DD8F5A0D2947F34C0093DBAE /* XCRemoteSwiftPackageReference "firebase-ios-sdk" */;
			productName = FirebaseFirestore;
		};
		DD8F5A162947F34C0093DBAE /* FirebaseFirestoreCombine-Community */ = {
			isa = XCSwiftPackageProductDependency;
			package = DD8F5A0D2947F34C0093DBAE /* XCRemoteSwiftPackageReference "firebase-ios-sdk" */;
			productName = "FirebaseFirestoreCombine-Community";
		};
		DD8F5A182947F34C0093DBAE /* FirebaseFirestoreSwift */ = {
			isa = XCSwiftPackageProductDependency;
			package = DD8F5A0D2947F34C0093DBAE /* XCRemoteSwiftPackageReference "firebase-ios-sdk" */;
			productName = FirebaseFirestoreSwift;
		};
		DD8F5A1A2947F34C0093DBAE /* FirebaseStorage */ = {
			isa = XCSwiftPackageProductDependency;
			package = DD8F5A0D2947F34C0093DBAE /* XCRemoteSwiftPackageReference "firebase-ios-sdk" */;
			productName = FirebaseStorage;
		};
		DD8F5A1C2947F34C0093DBAE /* FirebaseStorageCombine-Community */ = {
			isa = XCSwiftPackageProductDependency;
			package = DD8F5A0D2947F34C0093DBAE /* XCRemoteSwiftPackageReference "firebase-ios-sdk" */;
			productName = "FirebaseStorageCombine-Community";
		};
		DD8F5A2E2947F4A60093DBAE /* CachedAsyncImage */ = {
			isa = XCSwiftPackageProductDependency;
			package = DD8F5A2D2947F4A60093DBAE /* XCRemoteSwiftPackageReference "swiftui-cached-async-image" */;
			productName = CachedAsyncImage;
		};
/* End XCSwiftPackageProductDependency section */

/* Begin XCVersionGroup section */
		DD3D4CFC29EB342300F78443 /* UserCred.xcdatamodeld */ = {
			isa = XCVersionGroup;
			children = (
				DD3D4CFD29EB342300F78443 /* UserCred.xcdatamodel */,
			);
			currentVersion = DD3D4CFD29EB342300F78443 /* UserCred.xcdatamodel */;
			path = UserCred.xcdatamodeld;
			sourceTree = "<group>";
			versionGroupType = wrapper.xcdatamodel;
		};
/* End XCVersionGroup section */
	};
	rootObject = DD8F59F12947F29D0093DBAE /* Project object */;
}
